
Microsoft Visual Studio Solution File, Format Version 12.00
# Visual Studio Version 17
VisualStudioVersion = 17.2.32616.157
MinimumVisualStudioVersion = 10.0.40219.1
Project("{FAE04EC0-301F-11D3-BF4B-00C04F79EFBC}") = "CompanyMVC", "CompanyMVC\CompanyMVC.csproj", "{F7F22CC3-2DD4-42E7-AD71-7726840BFD5B}"
EndProject
Global
	GlobalSection(SolutionConfigurationPlatforms) = preSolution
		Debug|Any CPU = Debug|Any CPU
		Release|Any CPU = Release|Any CPU
	EndGlobalSection
	GlobalSection(ProjectConfigurationPlatforms) = postSolution
		{F7F22CC3-2DD4-42E7-AD71-7726840BFD5B}.Debug|Any CPU.ActiveCfg = Debug|Any CPU
		{F7F22CC3-2DD4-42E7-AD71-7726840BFD5B}.Debug|Any CPU.Build.0 = Debug|Any CPU
		{F7F22CC3-2DD4-42E7-AD71-7726840BFD5B}.Release|Any CPU.ActiveCfg = Release|Any CPU
		{F7F22CC3-2DD4-42E7-AD71-7726840BFD5B}.Release|Any CPU.Build.0 = Release|Any CPU
	EndGlobalSection
	GlobalSection(SolutionProperties) = preSolution
		HideSolutionNode = FALSE
	EndGlobalSection
	GlobalSection(ExtensibilityGlobals) = postSolution
		SolutionGuid = {37BA326D-C698-4D11-BB5B-545D1AB7931C}
	EndGlobalSection
EndGlobal
